
Microsoft Visual Studio Solution File, Format Version 12.00
# Visual Studio 15
VisualStudioVersion = 15.0.28307.271
MinimumVisualStudioVersion = 10.0.40219.1
Project("{FAE04EC0-301F-11D3-BF4B-00C04F79EFBC}") = "01-Layout", "01-Layout\01-Layout.csproj", "{470906E6-5D5D-4AA9-BE82-29220A908F96}"
EndProject
Project("{FAE04EC0-301F-11D3-BF4B-00C04F79EFBC}") = "02-WebSiteProject", "02-WebSiteProject\02-WebSiteProject.csproj", "{7104DA09-C68B-484F-BE3E-137C84E2A020}"
EndProject
Project("{FAE04EC0-301F-11D3-BF4B-00C04F79EFBC}") = "MyWebSite", "MyWebSite\MyWebSite.csproj", "{4CC0981A-E3AB-4B25-A048-DD5FF3DF2D1F}"
EndProject
Project("{FAE04EC0-301F-11D3-BF4B-00C04F79EFBC}") = "MyWebSite.DAL", "MyWebSite.DAL\MyWebSite.DAL.csproj", "{1FF22204-9CAF-432E-8456-14702C17E3B4}"
EndProject
Project("{2150E333-8FDC-42A3-9474-1A3956D46DE8}") = "FirstExamples", "FirstExamples", "{678909F9-CE82-4C69-B975-31973E8625F4}"
EndProject
Project("{2150E333-8FDC-42A3-9474-1A3956D46DE8}") = "MyWebSiteProject", "MyWebSiteProject", "{152FB2EC-935C-49EE-9BC2-699B79C9792F}"
EndProject
Project("{FAE04EC0-301F-11D3-BF4B-00C04F79EFBC}") = "MyWebSite.BLL", "MyWebSite.BLL\MyWebSite.BLL.csproj", "{67C789F3-6778-4374-9F7F-DF3EB295C65F}"
EndProject
Global
	GlobalSection(SolutionConfigurationPlatforms) = preSolution
		Debug|Any CPU = Debug|Any CPU
		Release|Any CPU = Release|Any CPU
	EndGlobalSection
	GlobalSection(ProjectConfigurationPlatforms) = postSolution
		{470906E6-5D5D-4AA9-BE82-29220A908F96}.Debug|Any CPU.ActiveCfg = Debug|Any CPU
		{470906E6-5D5D-4AA9-BE82-29220A908F96}.Debug|Any CPU.Build.0 = Debug|Any CPU
		{470906E6-5D5D-4AA9-BE82-29220A908F96}.Release|Any CPU.ActiveCfg = Release|Any CPU
		{470906E6-5D5D-4AA9-BE82-29220A908F96}.Release|Any CPU.Build.0 = Release|Any CPU
		{7104DA09-C68B-484F-BE3E-137C84E2A020}.Debug|Any CPU.ActiveCfg = Debug|Any CPU
		{7104DA09-C68B-484F-BE3E-137C84E2A020}.Debug|Any CPU.Build.0 = Debug|Any CPU
		{7104DA09-C68B-484F-BE3E-137C84E2A020}.Release|Any CPU.ActiveCfg = Release|Any CPU
		{7104DA09-C68B-484F-BE3E-137C84E2A020}.Release|Any CPU.Build.0 = Release|Any CPU
		{4CC0981A-E3AB-4B25-A048-DD5FF3DF2D1F}.Debug|Any CPU.ActiveCfg = Debug|Any CPU
		{4CC0981A-E3AB-4B25-A048-DD5FF3DF2D1F}.Debug|Any CPU.Build.0 = Debug|Any CPU
		{4CC0981A-E3AB-4B25-A048-DD5FF3DF2D1F}.Release|Any CPU.ActiveCfg = Release|Any CPU
		{4CC0981A-E3AB-4B25-A048-DD5FF3DF2D1F}.Release|Any CPU.Build.0 = Release|Any CPU
		{1FF22204-9CAF-432E-8456-14702C17E3B4}.Debug|Any CPU.ActiveCfg = Debug|Any CPU
		{1FF22204-9CAF-432E-8456-14702C17E3B4}.Debug|Any CPU.Build.0 = Debug|Any CPU
		{1FF22204-9CAF-432E-8456-14702C17E3B4}.Release|Any CPU.ActiveCfg = Release|Any CPU
		{1FF22204-9CAF-432E-8456-14702C17E3B4}.Release|Any CPU.Build.0 = Release|Any CPU
		{67C789F3-6778-4374-9F7F-DF3EB295C65F}.Debug|Any CPU.ActiveCfg = Debug|Any CPU
		{67C789F3-6778-4374-9F7F-DF3EB295C65F}.Debug|Any CPU.Build.0 = Debug|Any CPU
		{67C789F3-6778-4374-9F7F-DF3EB295C65F}.Release|Any CPU.ActiveCfg = Release|Any CPU
		{67C789F3-6778-4374-9F7F-DF3EB295C65F}.Release|Any CPU.Build.0 = Release|Any CPU
	EndGlobalSection
	GlobalSection(SolutionProperties) = preSolution
		HideSolutionNode = FALSE
	EndGlobalSection
	GlobalSection(NestedProjects) = preSolution
		{470906E6-5D5D-4AA9-BE82-29220A908F96} = {678909F9-CE82-4C69-B975-31973E8625F4}
		{7104DA09-C68B-484F-BE3E-137C84E2A020} = {678909F9-CE82-4C69-B975-31973E8625F4}
		{4CC0981A-E3AB-4B25-A048-DD5FF3DF2D1F} = {152FB2EC-935C-49EE-9BC2-699B79C9792F}
		{1FF22204-9CAF-432E-8456-14702C17E3B4} = {152FB2EC-935C-49EE-9BC2-699B79C9792F}
		{67C789F3-6778-4374-9F7F-DF3EB295C65F} = {152FB2EC-935C-49EE-9BC2-699B79C9792F}
	EndGlobalSection
	GlobalSection(ExtensibilityGlobals) = postSolution
		SolutionGuid = {8679D090-1E11-453E-B7AC-BD1C993BB939}
	EndGlobalSection
EndGlobal
